// !$*UTF8*$!
{
	archiveVersion = 1;
	classes = {
	};
	objectVersion = 48;
	objects = {

/* Begin PBXBuildFile section */
		8767CD771FB8B3B2009D2BE9 /* AppDelegate.swift in Sources */ = {isa = PBXBuildFile; fileRef = 8767CD761FB8B3B2009D2BE9 /* AppDelegate.swift */; };
		8767CD791FB8B3B2009D2BE9 /* ViewController.swift in Sources */ = {isa = PBXBuildFile; fileRef = 8767CD781FB8B3B2009D2BE9 /* ViewController.swift */; };
		8767CD7C1FB8B3B2009D2BE9 /* Main.storyboard in Resources */ = {isa = PBXBuildFile; fileRef = 8767CD7A1FB8B3B2009D2BE9 /* Main.storyboard */; };
		8767CD7E1FB8B3B2009D2BE9 /* Assets.xcassets in Resources */ = {isa = PBXBuildFile; fileRef = 8767CD7D1FB8B3B2009D2BE9 /* Assets.xcassets */; };
		8767CD811FB8B3B2009D2BE9 /* LaunchScreen.storyboard in Resources */ = {isa = PBXBuildFile; fileRef = 8767CD7F1FB8B3B2009D2BE9 /* LaunchScreen.storyboard */; };
		8767CD8C1FB8B3B2009D2BE9 /* test_listTests.swift in Sources */ = {isa = PBXBuildFile; fileRef = 8767CD8B1FB8B3B2009D2BE9 /* test_listTests.swift */; };
		8767CD971FB8B3B2009D2BE9 /* test_listUITests.swift in Sources */ = {isa = PBXBuildFile; fileRef = 8767CD961FB8B3B2009D2BE9 /* test_listUITests.swift */; };
		87B37DB71FC9BC3E00FB0392 /* RatingControl.swift in Sources */ = {isa = PBXBuildFile; fileRef = 87B37DB61FC9BC3E00FB0392 /* RatingControl.swift */; };
		87B37DB91FC9CF4F00FB0392 /* Meal.swift in Sources */ = {isa = PBXBuildFile; fileRef = 87B37DB81FC9CF4F00FB0392 /* Meal.swift */; };
/* End PBXBuildFile section */

/* Begin PBXContainerItemProxy section */
		8767CD881FB8B3B2009D2BE9 /* PBXContainerItemProxy */ = {
			isa = PBXContainerItemProxy;
			containerPortal = 8767CD6B1FB8B3B2009D2BE9 /* Project object */;
			proxyType = 1;
			remoteGlobalIDString = 8767CD721FB8B3B2009D2BE9;
			remoteInfo = "test list";
		};
		8767CD931FB8B3B2009D2BE9 /* PBXContainerItemProxy */ = {
			isa = PBXContainerItemProxy;
			containerPortal = 8767CD6B1FB8B3B2009D2BE9 /* Project object */;
			proxyType = 1;
			remoteGlobalIDString = 8767CD721FB8B3B2009D2BE9;
			remoteInfo = "test list";
		};
/* End PBXContainerItemProxy section */

/* Begin PBXFileReference section */
		8767CD731FB8B3B2009D2BE9 /* test list.app */ = {isa = PBXFileReference; explicitFileType = wrapper.application; includeInIndex = 0; path = "test list.app"; sourceTree = BUILT_PRODUCTS_DIR; };
		8767CD761FB8B3B2009D2BE9 /* AppDelegate.swift */ = {isa = PBXFileReference; lastKnownFileType = sourcecode.swift; path = AppDelegate.swift; sourceTree = "<group>"; };
		8767CD781FB8B3B2009D2BE9 /* ViewController.swift */ = {isa = PBXFileReference; lastKnownFileType = sourcecode.swift; path = ViewController.swift; sourceTree = "<group>"; };
		8767CD7B1FB8B3B2009D2BE9 /* Base */ = {isa = PBXFileReference; lastKnownFileType = file.storyboard; name = Base; path = Base.lproj/Main.storyboard; sourceTree = "<group>"; };
		8767CD7D1FB8B3B2009D2BE9 /* Assets.xcassets */ = {isa = PBXFileReference; lastKnownFileType = folder.assetcatalog; path = Assets.xcassets; sourceTree = "<group>"; };
		8767CD801FB8B3B2009D2BE9 /* Base */ = {isa = PBXFileReference; lastKnownFileType = file.storyboard; name = Base; path = Base.lproj/LaunchScreen.storyboard; sourceTree = "<group>"; };
		8767CD821FB8B3B2009D2BE9 /* Info.plist */ = {isa = PBXFileReference; lastKnownFileType = text.plist.xml; path = Info.plist; sourceTree = "<group>"; };
		8767CD871FB8B3B2009D2BE9 /* test listTests.xctest */ = {isa = PBXFileReference; explicitFileType = wrapper.cfbundle; includeInIndex = 0; path = "test listTests.xctest"; sourceTree = BUILT_PRODUCTS_DIR; };
		8767CD8B1FB8B3B2009D2BE9 /* test_listTests.swift */ = {isa = PBXFileReference; lastKnownFileType = sourcecode.swift; path = test_listTests.swift; sourceTree = "<group>"; };
		8767CD8D1FB8B3B2009D2BE9 /* Info.plist */ = {isa = PBXFileReference; lastKnownFileType = text.plist.xml; path = Info.plist; sourceTree = "<group>"; };
		8767CD921FB8B3B2009D2BE9 /* test listUITests.xctest */ = {isa = PBXFileReference; explicitFileType = wrapper.cfbundle; includeInIndex = 0; path = "test listUITests.xctest"; sourceTree = BUILT_PRODUCTS_DIR; };
		8767CD961FB8B3B2009D2BE9 /* test_listUITests.swift */ = {isa = PBXFileReference; lastKnownFileType = sourcecode.swift; path = test_listUITests.swift; sourceTree = "<group>"; };
		8767CD981FB8B3B2009D2BE9 /* Info.plist */ = {isa = PBXFileReference; lastKnownFileType = text.plist.xml; path = Info.plist; sourceTree = "<group>"; };
		87B37DB61FC9BC3E00FB0392 /* RatingControl.swift */ = {isa = PBXFileReference; lastKnownFileType = sourcecode.swift; path = RatingControl.swift; sourceTree = "<group>"; };
		87B37DB81FC9CF4F00FB0392 /* Meal.swift */ = {isa = PBXFileReference; lastKnownFileType = sourcecode.swift; path = Meal.swift; sourceTree = "<group>"; };
/* End PBXFileReference section */

/* Begin PBXFrameworksBuildPhase section */
		8767CD701FB8B3B2009D2BE9 /* Frameworks */ = {
			isa = PBXFrameworksBuildPhase;
			buildActionMask = 2147483647;
			files = (
			);
			runOnlyForDeploymentPostprocessing = 0;
		};
		8767CD841FB8B3B2009D2BE9 /* Frameworks */ = {
			isa = PBXFrameworksBuildPhase;
			buildActionMask = 2147483647;
			files = (
			);
			runOnlyForDeploymentPostprocessing = 0;
		};
		8767CD8F1FB8B3B2009D2BE9 /* Frameworks */ = {
			isa = PBXFrameworksBuildPhase;
			buildActionMask = 2147483647;
			files = (
			);
			runOnlyForDeploymentPostprocessing = 0;
		};
/* End PBXFrameworksBuildPhase section */

/* Begin PBXGroup section */
		8767CD6A1FB8B3B2009D2BE9 = {
			isa = PBXGroup;
			children = (
				8767CD751FB8B3B2009D2BE9 /* test list */,
				8767CD8A1FB8B3B2009D2BE9 /* test listTests */,
				8767CD951FB8B3B2009D2BE9 /* test listUITests */,
				8767CD741FB8B3B2009D2BE9 /* Products */,
			);
			sourceTree = "<group>";
		};
		8767CD741FB8B3B2009D2BE9 /* Products */ = {
			isa = PBXGroup;
			children = (
				8767CD731FB8B3B2009D2BE9 /* test list.app */,
				8767CD871FB8B3B2009D2BE9 /* test listTests.xctest */,
				8767CD921FB8B3B2009D2BE9 /* test listUITests.xctest */,
			);
			name = Products;
			sourceTree = "<group>";
		};
		8767CD751FB8B3B2009D2BE9 /* test list */ = {
			isa = PBXGroup;
			children = (
				8767CD761FB8B3B2009D2BE9 /* AppDelegate.swift */,
				8767CD781FB8B3B2009D2BE9 /* ViewController.swift */,
				87B37DB81FC9CF4F00FB0392 /* Meal.swift */,
				87B37DB61FC9BC3E00FB0392 /* RatingControl.swift */,
				8767CD7A1FB8B3B2009D2BE9 /* Main.storyboard */,
				8767CD7D1FB8B3B2009D2BE9 /* Assets.xcassets */,
				8767CD7F1FB8B3B2009D2BE9 /* LaunchScreen.storyboard */,
				8767CD821FB8B3B2009D2BE9 /* Info.plist */,
			);
			path = "test list";
			sourceTree = "<group>";
		};
		8767CD8A1FB8B3B2009D2BE9 /* test listTests */ = {
			isa = PBXGroup;
			children = (
				8767CD8B1FB8B3B2009D2BE9 /* test_listTests.swift */,
				8767CD8D1FB8B3B2009D2BE9 /* Info.plist */,
			);
			path = "test listTests";
			sourceTree = "<group>";
		};
		8767CD951FB8B3B2009D2BE9 /* test listUITests */ = {
			isa = PBXGroup;
			children = (
				8767CD961FB8B3B2009D2BE9 /* test_listUITests.swift */,
				8767CD981FB8B3B2009D2BE9 /* Info.plist */,
			);
			path = "test listUITests";
			sourceTree = "<group>";
		};
/* End PBXGroup section */

/* Begin PBXNativeTarget section */
		8767CD721FB8B3B2009D2BE9 /* test list */ = {
			isa = PBXNativeTarget;
			buildConfigurationList = 8767CD9B1FB8B3B2009D2BE9 /* Build configuration list for PBXNativeTarget "test list" */;
			buildPhases = (
				8767CD6F1FB8B3B2009D2BE9 /* Sources */,
				8767CD701FB8B3B2009D2BE9 /* Frameworks */,
				8767CD711FB8B3B2009D2BE9 /* Resources */,
			);
			buildRules = (
			);
			dependencies = (
			);
			name = "test list";
			productName = "test list";
			productReference = 8767CD731FB8B3B2009D2BE9 /* test list.app */;
			productType = "com.apple.product-type.application";
		};
		8767CD861FB8B3B2009D2BE9 /* test listTests */ = {
			isa = PBXNativeTarget;
			buildConfigurationList = 8767CD9E1FB8B3B2009D2BE9 /* Build configuration list for PBXNativeTarget "test listTests" */;
			buildPhases = (
				8767CD831FB8B3B2009D2BE9 /* Sources */,
				8767CD841FB8B3B2009D2BE9 /* Frameworks */,
				8767CD851FB8B3B2009D2BE9 /* Resources */,
			);
			buildRules = (
			);
			dependencies = (
				8767CD891FB8B3B2009D2BE9 /* PBXTargetDependency */,
			);
			name = "test listTests";
			productName = "test listTests";
			productReference = 8767CD871FB8B3B2009D2BE9 /* test listTests.xctest */;
			productType = "com.apple.product-type.bundle.unit-test";
		};
		8767CD911FB8B3B2009D2BE9 /* test listUITests */ = {
			isa = PBXNativeTarget;
			buildConfigurationList = 8767CDA11FB8B3B2009D2BE9 /* Build configuration list for PBXNativeTarget "test listUITests" */;
			buildPhases = (
				8767CD8E1FB8B3B2009D2BE9 /* Sources */,
				8767CD8F1FB8B3B2009D2BE9 /* Frameworks */,
				8767CD901FB8B3B2009D2BE9 /* Resources */,
			);
			buildRules = (
			);
			dependencies = (
				8767CD941FB8B3B2009D2BE9 /* PBXTargetDependency */,
			);
			name = "test listUITests";
			productName = "test listUITests";
			productReference = 8767CD921FB8B3B2009D2BE9 /* test listUITests.xctest */;
			productType = "com.apple.product-type.bundle.ui-testing";
		};
/* End PBXNativeTarget section */

/* Begin PBXProject section */
		8767CD6B1FB8B3B2009D2BE9 /* Project object */ = {
			isa = PBXProject;
			attributes = {
				LastSwiftUpdateCheck = 0910;
				LastUpgradeCheck = 0910;
				ORGANIZATIONNAME = "Teresa Ng";
				TargetAttributes = {
					8767CD721FB8B3B2009D2BE9 = {
						CreatedOnToolsVersion = 9.1;
						ProvisioningStyle = Automatic;
					};
					8767CD861FB8B3B2009D2BE9 = {
						CreatedOnToolsVersion = 9.1;
						ProvisioningStyle = Automatic;
						TestTargetID = 8767CD721FB8B3B2009D2BE9;
					};
					8767CD911FB8B3B2009D2BE9 = {
						CreatedOnToolsVersion = 9.1;
						ProvisioningStyle = Automatic;
						TestTargetID = 8767CD721FB8B3B2009D2BE9;
					};
				};
			};
			buildConfigurationList = 8767CD6E1FB8B3B2009D2BE9 /* Build configuration list for PBXProject "test list" */;
			compatibilityVersion = "Xcode 8.0";
			developmentRegion = en;
			hasScannedForEncodings = 0;
			knownRegions = (
				en,
				Base,
			);
			mainGroup = 8767CD6A1FB8B3B2009D2BE9;
			productRefGroup = 8767CD741FB8B3B2009D2BE9 /* Products */;
			projectDirPath = "";
			projectRoot = "";
			targets = (
				8767CD721FB8B3B2009D2BE9 /* test list */,
				8767CD861FB8B3B2009D2BE9 /* test listTests */,
				8767CD911FB8B3B2009D2BE9 /* test listUITests */,
			);
		};
/* End PBXProject section */

/* Begin PBXResourcesBuildPhase section */
		8767CD711FB8B3B2009D2BE9 /* Resources */ = {
			isa = PBXResourcesBuildPhase;
			buildActionMask = 2147483647;
			files = (
				8767CD811FB8B3B2009D2BE9 /* LaunchScreen.storyboard in Resources */,
				8767CD7E1FB8B3B2009D2BE9 /* Assets.xcassets in Resources */,
				8767CD7C1FB8B3B2009D2BE9 /* Main.storyboard in Resources */,
			);
			runOnlyForDeploymentPostprocessing = 0;
		};
		8767CD851FB8B3B2009D2BE9 /* Resources */ = {
			isa = PBXResourcesBuildPhase;
			buildActionMask = 2147483647;
			files = (
			);
			runOnlyForDeploymentPostprocessing = 0;
		};
		8767CD901FB8B3B2009D2BE9 /* Resources */ = {
			isa = PBXResourcesBuildPhase;
			buildActionMask = 2147483647;
			files = (
			);
			runOnlyForDeploymentPostprocessing = 0;
		};
/* End PBXResourcesBuildPhase section */

/* Begin PBXSourcesBuildPhase section */
		8767CD6F1FB8B3B2009D2BE9 /* Sources */ = {
			isa = PBXSourcesBuildPhase;
			buildActionMask = 2147483647;
			files = (
				87B37DB91FC9CF4F00FB0392 /* Meal.swift in Sources */,
				8767CD791FB8B3B2009D2BE9 /* ViewController.swift in Sources */,
				87B37DB71FC9BC3E00FB0392 /* RatingControl.swift in Sources */,
				8767CD771FB8B3B2009D2BE9 /* AppDelegate.swift in Sources */,
			);
			runOnlyForDeploymentPostprocessing = 0;
		};
		8767CD831FB8B3B2009D2BE9 /* Sources */ = {
			isa = PBXSourcesBuildPhase;
			buildActionMask = 2147483647;
			files = (
				8767CD8C1FB8B3B2009D2BE9 /* test_listTests.swift in Sources */,
			);
			runOnlyForDeploymentPostprocessing = 0;
		};
		8767CD8E1FB8B3B2009D2BE9 /* Sources */ = {
			isa = PBXSourcesBuildPhase;
			buildActionMask = 2147483647;
			files = (
				8767CD971FB8B3B2009D2BE9 /* test_listUITests.swift in Sources */,
			);
			runOnlyForDeploymentPostprocessing = 0;
		};
/* End PBXSourcesBuildPhase section */

/* Begin PBXTargetDependency section */
		8767CD891FB8B3B2009D2BE9 /* PBXTargetDependency */ = {
			isa = PBXTargetDependency;
			target = 8767CD721FB8B3B2009D2BE9 /* test list */;
			targetProxy = 8767CD881FB8B3B2009D2BE9 /* PBXContainerItemProxy */;
		};
		8767CD941FB8B3B2009D2BE9 /* PBXTargetDependency */ = {
			isa = PBXTargetDependency;
			target = 8767CD721FB8B3B2009D2BE9 /* test list */;
			targetProxy = 8767CD931FB8B3B2009D2BE9 /* PBXContainerItemProxy */;
		};
/* End PBXTargetDependency section */

/* Begin PBXVariantGroup section */
		8767CD7A1FB8B3B2009D2BE9 /* Main.storyboard */ = {
			isa = PBXVariantGroup;
			children = (
				8767CD7B1FB8B3B2009D2BE9 /* Base */,
			);
			name = Main.storyboard;
			sourceTree = "<group>";
		};
		8767CD7F1FB8B3B2009D2BE9 /* LaunchScreen.storyboard */ = {
			isa = PBXVariantGroup;
			children = (
				8767CD801FB8B3B2009D2BE9 /* Base */,
			);
			name = LaunchScreen.storyboard;
			sourceTree = "<group>";
		};
/* End PBXVariantGroup section */

/* Begin XCBuildConfiguration section */
		8767CD991FB8B3B2009D2BE9 /* Debug */ = {
			isa = XCBuildConfiguration;
			buildSettings = {
				ALWAYS_SEARCH_USER_PATHS = NO;
				CLANG_ANALYZER_NONNULL = YES;
				CLANG_ANALYZER_NUMBER_OBJECT_CONVERSION = YES_AGGRESSIVE;
				CLANG_CXX_LANGUAGE_STANDARD = "gnu++14";
				CLANG_CXX_LIBRARY = "libc++";
				CLANG_ENABLE_MODULES = YES;
				CLANG_ENABLE_OBJC_ARC = YES;
				CLANG_WARN_BLOCK_CAPTURE_AUTORELEASING = YES;
				CLANG_WARN_BOOL_CONVERSION = YES;
				CLANG_WARN_COMMA = YES;
				CLANG_WARN_CONSTANT_CONVERSION = YES;
				CLANG_WARN_DIRECT_OBJC_ISA_USAGE = YES_ERROR;
				CLANG_WARN_DOCUMENTATION_COMMENTS = YES;
				CLANG_WARN_EMPTY_BODY = YES;
				CLANG_WARN_ENUM_CONVERSION = YES;
				CLANG_WARN_INFINITE_RECURSION = YES;
				CLANG_WARN_INT_CONVERSION = YES;
				CLANG_WARN_NON_LITERAL_NULL_CONVERSION = YES;
				CLANG_WARN_OBJC_LITERAL_CONVERSION = YES;
				CLANG_WARN_OBJC_ROOT_CLASS = YES_ERROR;
				CLANG_WARN_RANGE_LOOP_ANALYSIS = YES;
				CLANG_WARN_STRICT_PROTOTYPES = YES;
				CLANG_WARN_SUSPICIOUS_MOVE = YES;
				CLANG_WARN_UNGUARDED_AVAILABILITY = YES_AGGRESSIVE;
				CLANG_WARN_UNREACHABLE_CODE = YES;
				CLANG_WARN__DUPLICATE_METHOD_MATCH = YES;
				CODE_SIGN_IDENTITY = "iPhone Developer";
				COPY_PHASE_STRIP = NO;
				DEBUG_INFORMATION_FORMAT = dwarf;
				ENABLE_STRICT_OBJC_MSGSEND = YES;
				ENABLE_TESTABILITY = YES;
				GCC_C_LANGUAGE_STANDARD = gnu11;
				GCC_DYNAMIC_NO_PIC = NO;
				GCC_NO_COMMON_BLOCKS = YES;
				GCC_OPTIMIZATION_LEVEL = 0;
				GCC_PREPROCESSOR_DEFINITIONS = (
					"DEBUG=1",
					"$(inherited)",
				);
				GCC_WARN_64_TO_32_BIT_CONVERSION = YES;
				GCC_WARN_ABOUT_RETURN_TYPE = YES_ERROR;
				GCC_WARN_UNDECLARED_SELECTOR = YES;
				GCC_WARN_UNINITIALIZED_AUTOS = YES_AGGRESSIVE;
				GCC_WARN_UNUSED_FUNCTION = YES;
				GCC_WARN_UNUSED_VARIABLE = YES;
				IPHONEOS_DEPLOYMENT_TARGET = 11.1;
				MTL_ENABLE_DEBUG_INFO = YES;
				ONLY_ACTIVE_ARCH = YES;
				SDKROOT = iphoneos;
				SWIFT_ACTIVE_COMPILATION_CONDITIONS = DEBUG;
				SWIFT_OPTIMIZATION_LEVEL = "-Onone";
			};
			name = Debug;
		};
		8767CD9A1FB8B3B2009D2BE9 /* Release */ = {
			isa = XCBuildConfiguration;
			buildSettings = {
				ALWAYS_SEARCH_USER_PATHS = NO;
				CLANG_ANALYZER_NONNULL = YES;
				CLANG_ANALYZER_NUMBER_OBJECT_CONVERSION = YES_AGGRESSIVE;
				CLANG_CXX_LANGUAGE_STANDARD = "gnu++14";
				CLANG_CXX_LIBRARY = "libc++";
				CLANG_ENABLE_MODULES = YES;
				CLANG_ENABLE_OBJC_ARC = YES;
				CLANG_WARN_BLOCK_CAPTURE_AUTORELEASING = YES;
				CLANG_WARN_BOOL_CONVERSION = YES;
				CLANG_WARN_COMMA = YES;
				CLANG_WARN_CONSTANT_CONVERSION = YES;
				CLANG_WARN_DIRECT_OBJC_ISA_USAGE = YES_ERROR;
				CLANG_WARN_DOCUMENTATION_COMMENTS = YES;
				CLANG_WARN_EMPTY_BODY = YES;
				CLANG_WARN_ENUM_CONVERSION = YES;
				CLANG_WARN_INFINITE_RECURSION = YES;
				CLANG_WARN_INT_CONVERSION = YES;
				CLANG_WARN_NON_LITERAL_NULL_CONVERSION = YES;
				CLANG_WARN_OBJC_LITERAL_CONVERSION = YES;
				CLANG_WARN_OBJC_ROOT_CLASS = YES_ERROR;
				CLANG_WARN_RANGE_LOOP_ANALYSIS = YES;
				CLANG_WARN_STRICT_PROTOTYPES = YES;
				CLANG_WARN_SUSPICIOUS_MOVE = YES;
				CLANG_WARN_UNGUARDED_AVAILABILITY = YES_AGGRESSIVE;
				CLANG_WARN_UNREACHABLE_CODE = YES;
				CLANG_WARN__DUPLICATE_METHOD_MATCH = YES;
				CODE_SIGN_IDENTITY = "iPhone Developer";
				COPY_PHASE_STRIP = NO;
				DEBUG_INFORMATION_FORMAT = "dwarf-with-dsym";
				ENABLE_NS_ASSERTIONS = NO;
				ENABLE_STRICT_OBJC_MSGSEND = YES;
				GCC_C_LANGUAGE_STANDARD = gnu11;
				GCC_NO_COMMON_BLOCKS = YES;
				GCC_WARN_64_TO_32_BIT_CONVERSION = YES;
				GCC_WARN_ABOUT_RETURN_TYPE = YES_ERROR;
				GCC_WARN_UNDECLARED_SELECTOR = YES;
				GCC_WARN_UNINITIALIZED_AUTOS = YES_AGGRESSIVE;
				GCC_WARN_UNUSED_FUNCTION = YES;
				GCC_WARN_UNUSED_VARIABLE = YES;
				IPHONEOS_DEPLOYMENT_TARGET = 11.1;
				MTL_ENABLE_DEBUG_INFO = NO;
				SDKROOT = iphoneos;
				SWIFT_OPTIMIZATION_LEVEL = "-Owholemodule";
				VALIDATE_PRODUCT = YES;
			};
			name = Release;
		};
		8767CD9C1FB8B3B2009D2BE9 /* Debug */ = {
			isa = XCBuildConfiguration;
			buildSettings = {
				ASSETCATALOG_COMPILER_APPICON_NAME = AppIcon;
				CODE_SIGN_STYLE = Automatic;
				INFOPLIST_FILE = "test list/Info.plist";
				IPHONEOS_DEPLOYMENT_TARGET = 9.0;
				LD_RUNPATH_SEARCH_PATHS = "$(inherited) @executable_path/Frameworks";
				PRODUCT_BUNDLE_IDENTIFIER = "novembergave.test-list";
				PRODUCT_NAME = "$(TARGET_NAME)";
				SWIFT_VERSION = 4.0;
				TARGETED_DEVICE_FAMILY = "1,2";
			};
			name = Debug;
		};
		8767CD9D1FB8B3B2009D2BE9 /* Release */ = {
			isa = XCBuildConfiguration;
			buildSettings = {
				ASSETCATALOG_COMPILER_APPICON_NAME = AppIcon;
				CODE_SIGN_STYLE = Automatic;
				INFOPLIST_FILE = "test list/Info.plist";
				IPHONEOS_DEPLOYMENT_TARGET = 9.0;
				LD_RUNPATH_SEARCH_PATHS = "$(inherited) @executable_path/Frameworks";
				PRODUCT_BUNDLE_IDENTIFIER = "novembergave.test-list";
				PRODUCT_NAME = "$(TARGET_NAME)";
				SWIFT_VERSION = 4.0;
				TARGETED_DEVICE_FAMILY = "1,2";
			};
			name = Release;
		};
		8767CD9F1FB8B3B2009D2BE9 /* Debug */ = {
			isa = XCBuildConfiguration;
			buildSettings = {
				ALWAYS_EMBED_SWIFT_STANDARD_LIBRARIES = YES;
				BUNDLE_LOADER = "$(TEST_HOST)";
				CODE_SIGN_STYLE = Automatic;
				INFOPLIST_FILE = "test listTests/Info.plist";
				LD_RUNPATH_SEARCH_PATHS = "$(inherited) @executable_path/Frameworks @loader_path/Frameworks";
				PRODUCT_BUNDLE_IDENTIFIER = "novembergave.test-listTests";
				PRODUCT_NAME = "$(TARGET_NAME)";
				SWIFT_VERSION = 4.0;
				TARGETED_DEVICE_FAMILY = "1,2";
				TEST_HOST = "$(BUILT_PRODUCTS_DIR)/test list.app/test list";
			};
			name = Debug;
		};
		8767CDA01FB8B3B2009D2BE9 /* Release */ = {
			isa = XCBuildConfiguration;
			buildSettings = {
				ALWAYS_EMBED_SWIFT_STANDARD_LIBRARIES = YES;
				BUNDLE_LOADER = "$(TEST_HOST)";
				CODE_SIGN_STYLE = Automatic;
				INFOPLIST_FILE = "test listTests/Info.plist";
				LD_RUNPATH_SEARCH_PATHS = "$(inherited) @executable_path/Frameworks @loader_path/Frameworks";
				PRODUCT_BUNDLE_IDENTIFIER = "novembergave.test-listTests";
				PRODUCT_NAME = "$(TARGET_NAME)";
				SWIFT_VERSION = 4.0;
				TARGETED_DEVICE_FAMILY = "1,2";
				TEST_HOST = "$(BUILT_PRODUCTS_DIR)/test list.app/test list";
			};
			name = Release;
		};
		8767CDA21FB8B3B2009D2BE9 /* Debug */ = {
			isa = XCBuildConfiguration;
			buildSettings = {
				ALWAYS_EMBED_SWIFT_STANDARD_LIBRARIES = YES;
				CODE_SIGN_STYLE = Automatic;
				INFOPLIST_FILE = "test listUITests/Info.plist";
				LD_RUNPATH_SEARCH_PATHS = "$(inherited) @executable_path/Frameworks @loader_path/Frameworks";
				PRODUCT_BUNDLE_IDENTIFIER = "novembergave.test-listUITests";
				PRODUCT_NAME = "$(TARGET_NAME)";
				SWIFT_VERSION = 4.0;
				TARGETED_DEVICE_FAMILY = "1,2";
				TEST_TARGET_NAME = "test list";
			};
			name = Debug;
		};
		8767CDA31FB8B3B2009D2BE9 /* Release */ = {
			isa = XCBuildConfiguration;
			buildSettings = {
				ALWAYS_EMBED_SWIFT_STANDARD_LIBRARIES = YES;
				CODE_SIGN_STYLE = Automatic;
				INFOPLIST_FILE = "test listUITests/Info.plist";
				LD_RUNPATH_SEARCH_PATHS = "$(inherited) @executable_path/Frameworks @loader_path/Frameworks";
				PRODUCT_BUNDLE_IDENTIFIER = "novembergave.test-listUITests";
				PRODUCT_NAME = "$(TARGET_NAME)";
				SWIFT_VERSION = 4.0;
				TARGETED_DEVICE_FAMILY = "1,2";
				TEST_TARGET_NAME = "test list";
			};
			name = Release;
		};
/* End XCBuildConfiguration section */

/* Begin XCConfigurationList section */
		8767CD6E1FB8B3B2009D2BE9 /* Build configuration list for PBXProject "test list" */ = {
			isa = XCConfigurationList;
			buildConfigurations = (
				8767CD991FB8B3B2009D2BE9 /* Debug */,
				8767CD9A1FB8B3B2009D2BE9 /* Release */,
			);
			defaultConfigurationIsVisible = 0;
			defaultConfigurationName = Release;
		};
		8767CD9B1FB8B3B2009D2BE9 /* Build configuration list for PBXNativeTarget "test list" */ = {
			isa = XCConfigurationList;
			buildConfigurations = (
				8767CD9C1FB8B3B2009D2BE9 /* Debug */,
				8767CD9D1FB8B3B2009D2BE9 /* Release */,
			);
			defaultConfigurationIsVisible = 0;
			defaultConfigurationName = Release;
		};
		8767CD9E1FB8B3B2009D2BE9 /* Build configuration list for PBXNativeTarget "test listTests" */ = {
			isa = XCConfigurationList;
			buildConfigurations = (
				8767CD9F1FB8B3B2009D2BE9 /* Debug */,
				8767CDA01FB8B3B2009D2BE9 /* Release */,
			);
			defaultConfigurationIsVisible = 0;
			defaultConfigurationName = Release;
		};
		8767CDA11FB8B3B2009D2BE9 /* Build configuration list for PBXNativeTarget "test listUITests" */ = {
			isa = XCConfigurationList;
			buildConfigurations = (
				8767CDA21FB8B3B2009D2BE9 /* Debug */,
				8767CDA31FB8B3B2009D2BE9 /* Release */,
			);
			defaultConfigurationIsVisible = 0;
			defaultConfigurationName = Release;
		};
/* End XCConfigurationList section */
	};
	rootObject = 8767CD6B1FB8B3B2009D2BE9 /* Project object */;
}
